
Microsoft Visual Studio Solution File, Format Version 12.00
# Visual Studio Version 17
VisualStudioVersion = 17.12.0.0
MinimumVisualStudioVersion = 10.0.40219.1
Project("{9A19103F-16F7-4668-BE54-9A1E7A4F7556}") = "AppHost", "src\AppHost\AppHost.csproj", "{AAAAAAAA-0000-0000-0000-000000000001}"
EndProject
Project("{9A19103F-16F7-4668-BE54-9A1E7A4F7556}") = "ServiceDefaults", "src\ServiceDefaults\ServiceDefaults.csproj", "{AAAAAAAA-0000-0000-0000-000000000002}"
EndProject
Project("{9A19103F-16F7-4668-BE54-9A1E7A4F7556}") = "Shared", "src\Shared\Shared.csproj", "{AAAAAAAA-0000-0000-0000-000000000003}"
EndProject
Project("{9A19103F-16F7-4668-BE54-9A1E7A4F7556}") = "Api", "src\Api\Api.csproj", "{AAAAAAAA-0000-0000-0000-000000000004}"
EndProject
Project("{9A19103F-16F7-4668-BE54-9A1E7A4F7556}") = "Web", "src\Web\Web.csproj", "{AAAAAAAA-0000-0000-0000-000000000005}"
EndProject
Project("{9A19103F-16F7-4668-BE54-9A1E7A4F7556}") = "Unit", "tests\Unit\Unit.csproj", "{BBBBBBBB-0000-0000-0000-000000000001}"
EndProject
Project("{9A19103F-16F7-4668-BE54-9A1E7A4F7556}") = "Architecture", "tests\Architecture\Architecture.csproj", "{BBBBBBBB-0000-0000-0000-000000000002}"
EndProject
Project("{9A19103F-16F7-4668-BE54-9A1E7A4F7556}") = "BlazorTests", "tests\BlazorTests\BlazorTests.csproj", "{BBBBBBBB-0000-0000-0000-000000000003}"
EndProject
Project("{9A19103F-16F7-4668-BE54-9A1E7A4F7556}") = "Integration", "tests\Integration\Integration.csproj", "{BBBBBBBB-0000-0000-0000-000000000004}"
EndProject
Project("{9A19103F-16F7-4668-BE54-9A1E7A4F7556}") = "Aspire", "tests\Aspire\Aspire.csproj", "{BBBBBBBB-0000-0000-0000-000000000005}"
EndProject
Project("{9A19103F-16F7-4668-BE54-9A1E7A4F7556}") = "E2E", "tests\E2E\E2E.csproj", "{BBBBBBBB-0000-0000-0000-000000000006}"
EndProject
Global
	GlobalSection(SolutionConfigurationPlatforms) = preSolution
		Debug|Any CPU = Debug|Any CPU
		Release|Any CPU = Release|Any CPU
	EndGlobalSection
	GlobalSection(ProjectConfigurationPlatforms) = postSolution
		{AAAAAAAA-0000-0000-0000-000000000001}.Debug|Any CPU.ActiveCfg = Debug|Any CPU
		{AAAAAAAA-0000-0000-0000-000000000001}.Debug|Any CPU.Build.0 = Debug|Any CPU
		{AAAAAAAA-0000-0000-0000-000000000001}.Release|Any CPU.ActiveCfg = Release|Any CPU
		{AAAAAAAA-0000-0000-0000-000000000001}.Release|Any CPU.Build.0 = Release|Any CPU
		{AAAAAAAA-0000-0000-0000-000000000002}.Debug|Any CPU.ActiveCfg = Debug|Any CPU
		{AAAAAAAA-0000-0000-0000-000000000002}.Debug|Any CPU.Build.0 = Debug|Any CPU
		{AAAAAAAA-0000-0000-0000-000000000002}.Release|Any CPU.ActiveCfg = Release|Any CPU
		{AAAAAAAA-0000-0000-0000-000000000002}.Release|Any CPU.Build.0 = Release|Any CPU
		{AAAAAAAA-0000-0000-0000-000000000003}.Debug|Any CPU.ActiveCfg = Debug|Any CPU
		{AAAAAAAA-0000-0000-0000-000000000003}.Debug|Any CPU.Build.0 = Debug|Any CPU
		{AAAAAAAA-0000-0000-0000-000000000003}.Release|Any CPU.ActiveCfg = Release|Any CPU
		{AAAAAAAA-0000-0000-0000-000000000003}.Release|Any CPU.Build.0 = Release|Any CPU
		{AAAAAAAA-0000-0000-0000-000000000004}.Debug|Any CPU.ActiveCfg = Debug|Any CPU
		{AAAAAAAA-0000-0000-0000-000000000004}.Debug|Any CPU.Build.0 = Debug|Any CPU
		{AAAAAAAA-0000-0000-0000-000000000004}.Release|Any CPU.ActiveCfg = Release|Any CPU
		{AAAAAAAA-0000-0000-0000-000000000004}.Release|Any CPU.Build.0 = Release|Any CPU
		{AAAAAAAA-0000-0000-0000-000000000005}.Debug|Any CPU.ActiveCfg = Debug|Any CPU
		{AAAAAAAA-0000-0000-0000-000000000005}.Debug|Any CPU.Build.0 = Debug|Any CPU
		{AAAAAAAA-0000-0000-0000-000000000005}.Release|Any CPU.ActiveCfg = Release|Any CPU
		{AAAAAAAA-0000-0000-0000-000000000005}.Release|Any CPU.Build.0 = Release|Any CPU
		{BBBBBBBB-0000-0000-0000-000000000001}.Debug|Any CPU.ActiveCfg = Debug|Any CPU
		{BBBBBBBB-0000-0000-0000-000000000001}.Debug|Any CPU.Build.0 = Debug|Any CPU
		{BBBBBBBB-0000-0000-0000-000000000001}.Release|Any CPU.ActiveCfg = Release|Any CPU
		{BBBBBBBB-0000-0000-0000-000000000001}.Release|Any CPU.Build.0 = Release|Any CPU
		{BBBBBBBB-0000-0000-0000-000000000002}.Debug|Any CPU.ActiveCfg = Debug|Any CPU
		{BBBBBBBB-0000-0000-0000-000000000002}.Debug|Any CPU.Build.0 = Debug|Any CPU
		{BBBBBBBB-0000-0000-0000-000000000002}.Release|Any CPU.ActiveCfg = Release|Any CPU
		{BBBBBBBB-0000-0000-0000-000000000002}.Release|Any CPU.Build.0 = Release|Any CPU
		{BBBBBBBB-0000-0000-0000-000000000003}.Debug|Any CPU.ActiveCfg = Debug|Any CPU
		{BBBBBBBB-0000-0000-0000-000000000003}.Debug|Any CPU.Build.0 = Debug|Any CPU
		{BBBBBBBB-0000-0000-0000-000000000003}.Release|Any CPU.ActiveCfg = Release|Any CPU
		{BBBBBBBB-0000-0000-0000-000000000003}.Release|Any CPU.Build.0 = Release|Any CPU
		{BBBBBBBB-0000-0000-0000-000000000004}.Debug|Any CPU.ActiveCfg = Debug|Any CPU
		{BBBBBBBB-0000-0000-0000-000000000004}.Debug|Any CPU.Build.0 = Debug|Any CPU
		{BBBBBBBB-0000-0000-0000-000000000004}.Release|Any CPU.ActiveCfg = Release|Any CPU
		{BBBBBBBB-0000-0000-0000-000000000004}.Release|Any CPU.Build.0 = Release|Any CPU
		{BBBBBBBB-0000-0000-0000-000000000005}.Debug|Any CPU.ActiveCfg = Debug|Any CPU
		{BBBBBBBB-0000-0000-0000-000000000005}.Debug|Any CPU.Build.0 = Debug|Any CPU
		{BBBBBBBB-0000-0000-0000-000000000005}.Release|Any CPU.ActiveCfg = Release|Any CPU
		{BBBBBBBB-0000-0000-0000-000000000005}.Release|Any CPU.Build.0 = Release|Any CPU
		{BBBBBBBB-0000-0000-0000-000000000006}.Debug|Any CPU.ActiveCfg = Debug|Any CPU
		{BBBBBBBB-0000-0000-0000-000000000006}.Debug|Any CPU.Build.0 = Debug|Any CPU
		{BBBBBBBB-0000-0000-0000-000000000006}.Release|Any CPU.ActiveCfg = Release|Any CPU
		{BBBBBBBB-0000-0000-0000-000000000006}.Release|Any CPU.Build.0 = Release|Any CPU
	EndGlobalSection
EndGlobal
