
Microsoft Visual Studio Solution File, Format Version 12.00
# Visual Studio Version 17
VisualStudioVersion = 17.11.35312.102
MinimumVisualStudioVersion = 10.0.40219.1
Project("{9A19103F-16F7-4668-BE54-9A1E7A4F7556}") = "AppHost", "src\AppHost\AppHost.csproj", "{7B8D5A1A-1C1B-4E5F-8F5A-1B1B1B1B1B1B}"
EndProject
Project("{9A19103F-16F7-4668-BE54-9A1E7A4F7556}") = "ServiceDefaults", "src\ServiceDefaults\ServiceDefaults.csproj", "{7B8D5A1B-1C1B-4E5F-8F5A-1B1B1B1B1B1B}"
EndProject
Project("{9A19103F-16F7-4668-BE54-9A1E7A4F7556}") = "Shared", "src\Shared\Shared.csproj", "{7B8D5A1C-1C1B-4E5F-8F5A-1B1B1B1B1B1B}"
EndProject
Project("{9A19103F-16F7-4668-BE54-9A1E7A4F7556}") = "Api", "src\Api\Api.csproj", "{7B8D5A1D-1C1B-4E5F-8F5A-1B1B1B1B1B1B}"
EndProject
Project("{9A19103F-16F7-4668-BE54-9A1E7A4F7556}") = "Web", "src\Web\Web.csproj", "{7B8D5A1E-1C1B-4E5F-8F5A-1B1B1B1B1B1B}"
EndProject
Project("{9A19103F-16F7-4668-BE54-9A1E7A4F7556}") = "Architecture.Tests", "tests\Architecture.Tests\Architecture.Tests.csproj", "{7B8D5A2B-1C1B-4E5F-8F5A-1B1B1B1B1B1B}"
EndProject
Project("{9A19103F-16F7-4668-BE54-9A1E7A4F7556}") = "Web.Tests.Bunit", "tests\Web.Tests.Bunit\Web.Tests.Bunit.csproj", "{7B8D5A2C-1C1B-4E5F-8F5A-1B1B1B1B1B1B}"
EndProject
Project("{9A19103F-16F7-4668-BE54-9A1E7A4F7556}") = "Api.Tests.Integration", "tests\Api.Tests.Integration\Api.Tests.Integration.csproj", "{7B8D5A2D-1C1B-4E5F-8F5A-1B1B1B1B1B1B}"
EndProject
Project("{2150E333-8FDC-42A3-9474-1A3956D46DE8}") = "tests", "tests", "{0AB3BF05-4346-4AA6-1389-037BE0695223}"
EndProject
Project("{2150E333-8FDC-42A3-9474-1A3956D46DE8}") = "Aspire", "Aspire", "{5213F652-684C-EB29-7CC8-EF586FBE9FA6}"
EndProject
Project("{FAE04EC0-301F-11D3-BF4B-00C04F79EFBC}") = "Aspire.Tests", "tests\Aspire\Aspire.Tests.csproj", "{6FB132DF-D773-47B1-8803-6D6EF60615B6}"
EndProject
Project("{2150E333-8FDC-42A3-9474-1A3956D46DE8}") = "src", "src", "{827E0CD3-B72D-47B6-A68D-7590B98EB39B}"
EndProject
Project("{FAE04EC0-301F-11D3-BF4B-00C04F79EFBC}") = "Api.Tests.Unit", "tests\Api.Tests.Unit\Api.Tests.Unit.csproj", "{539F7C85-3F0F-4DAD-980F-AC48B0938DFE}"
EndProject
Project("{FAE04EC0-301F-11D3-BF4B-00C04F79EFBC}") = "Shared.Tests.Unit", "tests\Shared.Tests.Unit\Shared.Tests.Unit.csproj", "{22B6C782-50E9-4630-9CB4-E96E5E3A5A99}"
EndProject
Project("{FAE04EC0-301F-11D3-BF4B-00C04F79EFBC}") = "Web.Tests.Unit", "tests\Web.Tests.Unit\Web.Tests.Unit.csproj", "{C70C88E5-BD07-499C-B1B5-58A500554A8C}"
EndProject
Project("{FAE04EC0-301F-11D3-BF4B-00C04F79EFBC}") = "AppHost.Tests.Unit", "tests\AppHost.Tests.Unit\AppHost.Tests.Unit.csproj", "{F126271E-4644-4437-AA30-926604FC8E09}"
EndProject
Global
	GlobalSection(SolutionConfigurationPlatforms) = preSolution
		Debug|Any CPU = Debug|Any CPU
		Debug|x64 = Debug|x64
		Debug|x86 = Debug|x86
		Release|Any CPU = Release|Any CPU
		Release|x64 = Release|x64
		Release|x86 = Release|x86
	EndGlobalSection
	GlobalSection(ProjectConfigurationPlatforms) = postSolution
		{7B8D5A1A-1C1B-4E5F-8F5A-1B1B1B1B1B1B}.Debug|Any CPU.ActiveCfg = Debug|Any CPU
		{7B8D5A1A-1C1B-4E5F-8F5A-1B1B1B1B1B1B}.Debug|Any CPU.Build.0 = Debug|Any CPU
		{7B8D5A1A-1C1B-4E5F-8F5A-1B1B1B1B1B1B}.Debug|x64.ActiveCfg = Debug|Any CPU
		{7B8D5A1A-1C1B-4E5F-8F5A-1B1B1B1B1B1B}.Debug|x64.Build.0 = Debug|Any CPU
		{7B8D5A1A-1C1B-4E5F-8F5A-1B1B1B1B1B1B}.Debug|x86.ActiveCfg = Debug|Any CPU
		{7B8D5A1A-1C1B-4E5F-8F5A-1B1B1B1B1B1B}.Debug|x86.Build.0 = Debug|Any CPU
		{7B8D5A1A-1C1B-4E5F-8F5A-1B1B1B1B1B1B}.Release|Any CPU.ActiveCfg = Release|Any CPU
		{7B8D5A1A-1C1B-4E5F-8F5A-1B1B1B1B1B1B}.Release|Any CPU.Build.0 = Release|Any CPU
		{7B8D5A1A-1C1B-4E5F-8F5A-1B1B1B1B1B1B}.Release|x64.ActiveCfg = Release|Any CPU
		{7B8D5A1A-1C1B-4E5F-8F5A-1B1B1B1B1B1B}.Release|x64.Build.0 = Release|Any CPU
		{7B8D5A1A-1C1B-4E5F-8F5A-1B1B1B1B1B1B}.Release|x86.ActiveCfg = Release|Any CPU
		{7B8D5A1A-1C1B-4E5F-8F5A-1B1B1B1B1B1B}.Release|x86.Build.0 = Release|Any CPU
		{7B8D5A1B-1C1B-4E5F-8F5A-1B1B1B1B1B1B}.Debug|Any CPU.ActiveCfg = Debug|Any CPU
		{7B8D5A1B-1C1B-4E5F-8F5A-1B1B1B1B1B1B}.Debug|Any CPU.Build.0 = Debug|Any CPU
		{7B8D5A1B-1C1B-4E5F-8F5A-1B1B1B1B1B1B}.Debug|x64.ActiveCfg = Debug|Any CPU
		{7B8D5A1B-1C1B-4E5F-8F5A-1B1B1B1B1B1B}.Debug|x64.Build.0 = Debug|Any CPU
		{7B8D5A1B-1C1B-4E5F-8F5A-1B1B1B1B1B1B}.Debug|x86.ActiveCfg = Debug|Any CPU
		{7B8D5A1B-1C1B-4E5F-8F5A-1B1B1B1B1B1B}.Debug|x86.Build.0 = Debug|Any CPU
		{7B8D5A1B-1C1B-4E5F-8F5A-1B1B1B1B1B1B}.Release|Any CPU.ActiveCfg = Release|Any CPU
		{7B8D5A1B-1C1B-4E5F-8F5A-1B1B1B1B1B1B}.Release|Any CPU.Build.0 = Release|Any CPU
		{7B8D5A1B-1C1B-4E5F-8F5A-1B1B1B1B1B1B}.Release|x64.ActiveCfg = Release|Any CPU
		{7B8D5A1B-1C1B-4E5F-8F5A-1B1B1B1B1B1B}.Release|x64.Build.0 = Release|Any CPU
		{7B8D5A1B-1C1B-4E5F-8F5A-1B1B1B1B1B1B}.Release|x86.ActiveCfg = Release|Any CPU
		{7B8D5A1B-1C1B-4E5F-8F5A-1B1B1B1B1B1B}.Release|x86.Build.0 = Release|Any CPU
		{7B8D5A1C-1C1B-4E5F-8F5A-1B1B1B1B1B1B}.Debug|Any CPU.ActiveCfg = Debug|Any CPU
		{7B8D5A1C-1C1B-4E5F-8F5A-1B1B1B1B1B1B}.Debug|Any CPU.Build.0 = Debug|Any CPU
		{7B8D5A1C-1C1B-4E5F-8F5A-1B1B1B1B1B1B}.Debug|x64.ActiveCfg = Debug|Any CPU
		{7B8D5A1C-1C1B-4E5F-8F5A-1B1B1B1B1B1B}.Debug|x64.Build.0 = Debug|Any CPU
		{7B8D5A1C-1C1B-4E5F-8F5A-1B1B1B1B1B1B}.Debug|x86.ActiveCfg = Debug|Any CPU
		{7B8D5A1C-1C1B-4E5F-8F5A-1B1B1B1B1B1B}.Debug|x86.Build.0 = Debug|Any CPU
		{7B8D5A1C-1C1B-4E5F-8F5A-1B1B1B1B1B1B}.Release|Any CPU.ActiveCfg = Release|Any CPU
		{7B8D5A1C-1C1B-4E5F-8F5A-1B1B1B1B1B1B}.Release|Any CPU.Build.0 = Release|Any CPU
		{7B8D5A1C-1C1B-4E5F-8F5A-1B1B1B1B1B1B}.Release|x64.ActiveCfg = Release|Any CPU
		{7B8D5A1C-1C1B-4E5F-8F5A-1B1B1B1B1B1B}.Release|x64.Build.0 = Release|Any CPU
		{7B8D5A1C-1C1B-4E5F-8F5A-1B1B1B1B1B1B}.Release|x86.ActiveCfg = Release|Any CPU
		{7B8D5A1C-1C1B-4E5F-8F5A-1B1B1B1B1B1B}.Release|x86.Build.0 = Release|Any CPU
		{7B8D5A1D-1C1B-4E5F-8F5A-1B1B1B1B1B1B}.Debug|Any CPU.ActiveCfg = Debug|Any CPU
		{7B8D5A1D-1C1B-4E5F-8F5A-1B1B1B1B1B1B}.Debug|Any CPU.Build.0 = Debug|Any CPU
		{7B8D5A1D-1C1B-4E5F-8F5A-1B1B1B1B1B1B}.Debug|x64.ActiveCfg = Debug|Any CPU
		{7B8D5A1D-1C1B-4E5F-8F5A-1B1B1B1B1B1B}.Debug|x64.Build.0 = Debug|Any CPU
		{7B8D5A1D-1C1B-4E5F-8F5A-1B1B1B1B1B1B}.Debug|x86.ActiveCfg = Debug|Any CPU
		{7B8D5A1D-1C1B-4E5F-8F5A-1B1B1B1B1B1B}.Debug|x86.Build.0 = Debug|Any CPU
		{7B8D5A1D-1C1B-4E5F-8F5A-1B1B1B1B1B1B}.Release|Any CPU.ActiveCfg = Release|Any CPU
		{7B8D5A1D-1C1B-4E5F-8F5A-1B1B1B1B1B1B}.Release|Any CPU.Build.0 = Release|Any CPU
		{7B8D5A1D-1C1B-4E5F-8F5A-1B1B1B1B1B1B}.Release|x64.ActiveCfg = Release|Any CPU
		{7B8D5A1D-1C1B-4E5F-8F5A-1B1B1B1B1B1B}.Release|x64.Build.0 = Release|Any CPU
		{7B8D5A1D-1C1B-4E5F-8F5A-1B1B1B1B1B1B}.Release|x86.ActiveCfg = Release|Any CPU
		{7B8D5A1D-1C1B-4E5F-8F5A-1B1B1B1B1B1B}.Release|x86.Build.0 = Release|Any CPU
		{7B8D5A1E-1C1B-4E5F-8F5A-1B1B1B1B1B1B}.Debug|Any CPU.ActiveCfg = Debug|Any CPU
		{7B8D5A1E-1C1B-4E5F-8F5A-1B1B1B1B1B1B}.Debug|Any CPU.Build.0 = Debug|Any CPU
		{7B8D5A1E-1C1B-4E5F-8F5A-1B1B1B1B1B1B}.Debug|x64.ActiveCfg = Debug|Any CPU
		{7B8D5A1E-1C1B-4E5F-8F5A-1B1B1B1B1B1B}.Debug|x64.Build.0 = Debug|Any CPU
		{7B8D5A1E-1C1B-4E5F-8F5A-1B1B1B1B1B1B}.Debug|x86.ActiveCfg = Debug|Any CPU
		{7B8D5A1E-1C1B-4E5F-8F5A-1B1B1B1B1B1B}.Debug|x86.Build.0 = Debug|Any CPU
		{7B8D5A1E-1C1B-4E5F-8F5A-1B1B1B1B1B1B}.Release|Any CPU.ActiveCfg = Release|Any CPU
		{7B8D5A1E-1C1B-4E5F-8F5A-1B1B1B1B1B1B}.Release|Any CPU.Build.0 = Release|Any CPU
		{7B8D5A1E-1C1B-4E5F-8F5A-1B1B1B1B1B1B}.Release|x64.ActiveCfg = Release|Any CPU
		{7B8D5A1E-1C1B-4E5F-8F5A-1B1B1B1B1B1B}.Release|x64.Build.0 = Release|Any CPU
		{7B8D5A1E-1C1B-4E5F-8F5A-1B1B1B1B1B1B}.Release|x86.ActiveCfg = Release|Any CPU
		{7B8D5A1E-1C1B-4E5F-8F5A-1B1B1B1B1B1B}.Release|x86.Build.0 = Release|Any CPU
		{7B8D5A2B-1C1B-4E5F-8F5A-1B1B1B1B1B1B}.Debug|Any CPU.ActiveCfg = Debug|Any CPU
		{7B8D5A2B-1C1B-4E5F-8F5A-1B1B1B1B1B1B}.Debug|Any CPU.Build.0 = Debug|Any CPU
		{7B8D5A2B-1C1B-4E5F-8F5A-1B1B1B1B1B1B}.Debug|x64.ActiveCfg = Debug|Any CPU
		{7B8D5A2B-1C1B-4E5F-8F5A-1B1B1B1B1B1B}.Debug|x64.Build.0 = Debug|Any CPU
		{7B8D5A2B-1C1B-4E5F-8F5A-1B1B1B1B1B1B}.Debug|x86.ActiveCfg = Debug|Any CPU
		{7B8D5A2B-1C1B-4E5F-8F5A-1B1B1B1B1B1B}.Debug|x86.Build.0 = Debug|Any CPU
		{7B8D5A2B-1C1B-4E5F-8F5A-1B1B1B1B1B1B}.Release|Any CPU.ActiveCfg = Release|Any CPU
		{7B8D5A2B-1C1B-4E5F-8F5A-1B1B1B1B1B1B}.Release|Any CPU.Build.0 = Release|Any CPU
		{7B8D5A2B-1C1B-4E5F-8F5A-1B1B1B1B1B1B}.Release|x64.ActiveCfg = Release|Any CPU
		{7B8D5A2B-1C1B-4E5F-8F5A-1B1B1B1B1B1B}.Release|x64.Build.0 = Release|Any CPU
		{7B8D5A2B-1C1B-4E5F-8F5A-1B1B1B1B1B1B}.Release|x86.ActiveCfg = Release|Any CPU
		{7B8D5A2B-1C1B-4E5F-8F5A-1B1B1B1B1B1B}.Release|x86.Build.0 = Release|Any CPU
		{7B8D5A2C-1C1B-4E5F-8F5A-1B1B1B1B1B1B}.Debug|Any CPU.ActiveCfg = Debug|Any CPU
		{7B8D5A2C-1C1B-4E5F-8F5A-1B1B1B1B1B1B}.Debug|Any CPU.Build.0 = Debug|Any CPU
		{7B8D5A2C-1C1B-4E5F-8F5A-1B1B1B1B1B1B}.Debug|x64.ActiveCfg = Debug|Any CPU
		{7B8D5A2C-1C1B-4E5F-8F5A-1B1B1B1B1B1B}.Debug|x64.Build.0 = Debug|Any CPU
		{7B8D5A2C-1C1B-4E5F-8F5A-1B1B1B1B1B1B}.Debug|x86.ActiveCfg = Debug|Any CPU
		{7B8D5A2C-1C1B-4E5F-8F5A-1B1B1B1B1B1B}.Debug|x86.Build.0 = Debug|Any CPU
		{7B8D5A2C-1C1B-4E5F-8F5A-1B1B1B1B1B1B}.Release|Any CPU.ActiveCfg = Release|Any CPU
		{7B8D5A2C-1C1B-4E5F-8F5A-1B1B1B1B1B1B}.Release|Any CPU.Build.0 = Release|Any CPU
		{7B8D5A2C-1C1B-4E5F-8F5A-1B1B1B1B1B1B}.Release|x64.ActiveCfg = Release|Any CPU
		{7B8D5A2C-1C1B-4E5F-8F5A-1B1B1B1B1B1B}.Release|x64.Build.0 = Release|Any CPU
		{7B8D5A2C-1C1B-4E5F-8F5A-1B1B1B1B1B1B}.Release|x86.ActiveCfg = Release|Any CPU
		{7B8D5A2C-1C1B-4E5F-8F5A-1B1B1B1B1B1B}.Release|x86.Build.0 = Release|Any CPU
		{7B8D5A2D-1C1B-4E5F-8F5A-1B1B1B1B1B1B}.Debug|Any CPU.ActiveCfg = Debug|Any CPU
		{7B8D5A2D-1C1B-4E5F-8F5A-1B1B1B1B1B1B}.Debug|Any CPU.Build.0 = Debug|Any CPU
		{7B8D5A2D-1C1B-4E5F-8F5A-1B1B1B1B1B1B}.Debug|x64.ActiveCfg = Debug|Any CPU
		{7B8D5A2D-1C1B-4E5F-8F5A-1B1B1B1B1B1B}.Debug|x64.Build.0 = Debug|Any CPU
		{7B8D5A2D-1C1B-4E5F-8F5A-1B1B1B1B1B1B}.Debug|x86.ActiveCfg = Debug|Any CPU
		{7B8D5A2D-1C1B-4E5F-8F5A-1B1B1B1B1B1B}.Debug|x86.Build.0 = Debug|Any CPU
		{7B8D5A2D-1C1B-4E5F-8F5A-1B1B1B1B1B1B}.Release|Any CPU.ActiveCfg = Release|Any CPU
		{7B8D5A2D-1C1B-4E5F-8F5A-1B1B1B1B1B1B}.Release|Any CPU.Build.0 = Release|Any CPU
		{7B8D5A2D-1C1B-4E5F-8F5A-1B1B1B1B1B1B}.Release|x64.ActiveCfg = Release|Any CPU
		{7B8D5A2D-1C1B-4E5F-8F5A-1B1B1B1B1B1B}.Release|x64.Build.0 = Release|Any CPU
		{7B8D5A2D-1C1B-4E5F-8F5A-1B1B1B1B1B1B}.Release|x86.ActiveCfg = Release|Any CPU
		{7B8D5A2D-1C1B-4E5F-8F5A-1B1B1B1B1B1B}.Release|x86.Build.0 = Release|Any CPU
		{6FB132DF-D773-47B1-8803-6D6EF60615B6}.Debug|Any CPU.ActiveCfg = Debug|Any CPU
		{6FB132DF-D773-47B1-8803-6D6EF60615B6}.Debug|Any CPU.Build.0 = Debug|Any CPU
		{6FB132DF-D773-47B1-8803-6D6EF60615B6}.Debug|x64.ActiveCfg = Debug|Any CPU
		{6FB132DF-D773-47B1-8803-6D6EF60615B6}.Debug|x64.Build.0 = Debug|Any CPU
		{6FB132DF-D773-47B1-8803-6D6EF60615B6}.Debug|x86.ActiveCfg = Debug|Any CPU
		{6FB132DF-D773-47B1-8803-6D6EF60615B6}.Debug|x86.Build.0 = Debug|Any CPU
		{6FB132DF-D773-47B1-8803-6D6EF60615B6}.Release|Any CPU.ActiveCfg = Release|Any CPU
		{6FB132DF-D773-47B1-8803-6D6EF60615B6}.Release|Any CPU.Build.0 = Release|Any CPU
		{6FB132DF-D773-47B1-8803-6D6EF60615B6}.Release|x64.ActiveCfg = Release|Any CPU
		{6FB132DF-D773-47B1-8803-6D6EF60615B6}.Release|x64.Build.0 = Release|Any CPU
		{6FB132DF-D773-47B1-8803-6D6EF60615B6}.Release|x86.ActiveCfg = Release|Any CPU
		{6FB132DF-D773-47B1-8803-6D6EF60615B6}.Release|x86.Build.0 = Release|Any CPU
		{539F7C85-3F0F-4DAD-980F-AC48B0938DFE}.Debug|Any CPU.ActiveCfg = Debug|Any CPU
		{539F7C85-3F0F-4DAD-980F-AC48B0938DFE}.Debug|Any CPU.Build.0 = Debug|Any CPU
		{539F7C85-3F0F-4DAD-980F-AC48B0938DFE}.Debug|x64.ActiveCfg = Debug|Any CPU
		{539F7C85-3F0F-4DAD-980F-AC48B0938DFE}.Debug|x64.Build.0 = Debug|Any CPU
		{539F7C85-3F0F-4DAD-980F-AC48B0938DFE}.Debug|x86.ActiveCfg = Debug|Any CPU
		{539F7C85-3F0F-4DAD-980F-AC48B0938DFE}.Debug|x86.Build.0 = Debug|Any CPU
		{539F7C85-3F0F-4DAD-980F-AC48B0938DFE}.Release|Any CPU.ActiveCfg = Release|Any CPU
		{539F7C85-3F0F-4DAD-980F-AC48B0938DFE}.Release|Any CPU.Build.0 = Release|Any CPU
		{539F7C85-3F0F-4DAD-980F-AC48B0938DFE}.Release|x64.ActiveCfg = Release|Any CPU
		{539F7C85-3F0F-4DAD-980F-AC48B0938DFE}.Release|x64.Build.0 = Release|Any CPU
		{539F7C85-3F0F-4DAD-980F-AC48B0938DFE}.Release|x86.ActiveCfg = Release|Any CPU
		{539F7C85-3F0F-4DAD-980F-AC48B0938DFE}.Release|x86.Build.0 = Release|Any CPU
		{22B6C782-50E9-4630-9CB4-E96E5E3A5A99}.Debug|Any CPU.ActiveCfg = Debug|Any CPU
		{22B6C782-50E9-4630-9CB4-E96E5E3A5A99}.Debug|Any CPU.Build.0 = Debug|Any CPU
		{22B6C782-50E9-4630-9CB4-E96E5E3A5A99}.Debug|x64.ActiveCfg = Debug|Any CPU
		{22B6C782-50E9-4630-9CB4-E96E5E3A5A99}.Debug|x64.Build.0 = Debug|Any CPU
		{22B6C782-50E9-4630-9CB4-E96E5E3A5A99}.Debug|x86.ActiveCfg = Debug|Any CPU
		{22B6C782-50E9-4630-9CB4-E96E5E3A5A99}.Debug|x86.Build.0 = Debug|Any CPU
		{22B6C782-50E9-4630-9CB4-E96E5E3A5A99}.Release|Any CPU.ActiveCfg = Release|Any CPU
		{22B6C782-50E9-4630-9CB4-E96E5E3A5A99}.Release|Any CPU.Build.0 = Release|Any CPU
		{22B6C782-50E9-4630-9CB4-E96E5E3A5A99}.Release|x64.ActiveCfg = Release|Any CPU
		{22B6C782-50E9-4630-9CB4-E96E5E3A5A99}.Release|x64.Build.0 = Release|Any CPU
		{22B6C782-50E9-4630-9CB4-E96E5E3A5A99}.Release|x86.ActiveCfg = Release|Any CPU
		{22B6C782-50E9-4630-9CB4-E96E5E3A5A99}.Release|x86.Build.0 = Release|Any CPU
		{C70C88E5-BD07-499C-B1B5-58A500554A8C}.Debug|Any CPU.ActiveCfg = Debug|Any CPU
		{C70C88E5-BD07-499C-B1B5-58A500554A8C}.Debug|Any CPU.Build.0 = Debug|Any CPU
		{C70C88E5-BD07-499C-B1B5-58A500554A8C}.Debug|x64.ActiveCfg = Debug|Any CPU
		{C70C88E5-BD07-499C-B1B5-58A500554A8C}.Debug|x64.Build.0 = Debug|Any CPU
		{C70C88E5-BD07-499C-B1B5-58A500554A8C}.Debug|x86.ActiveCfg = Debug|Any CPU
		{C70C88E5-BD07-499C-B1B5-58A500554A8C}.Debug|x86.Build.0 = Debug|Any CPU
		{C70C88E5-BD07-499C-B1B5-58A500554A8C}.Release|Any CPU.ActiveCfg = Release|Any CPU
		{C70C88E5-BD07-499C-B1B5-58A500554A8C}.Release|Any CPU.Build.0 = Release|Any CPU
		{C70C88E5-BD07-499C-B1B5-58A500554A8C}.Release|x64.ActiveCfg = Release|Any CPU
		{C70C88E5-BD07-499C-B1B5-58A500554A8C}.Release|x64.Build.0 = Release|Any CPU
		{C70C88E5-BD07-499C-B1B5-58A500554A8C}.Release|x86.ActiveCfg = Release|Any CPU
		{C70C88E5-BD07-499C-B1B5-58A500554A8C}.Release|x86.Build.0 = Release|Any CPU
		{F126271E-4644-4437-AA30-926604FC8E09}.Debug|Any CPU.ActiveCfg = Debug|Any CPU
		{F126271E-4644-4437-AA30-926604FC8E09}.Debug|Any CPU.Build.0 = Debug|Any CPU
		{F126271E-4644-4437-AA30-926604FC8E09}.Debug|x64.ActiveCfg = Debug|Any CPU
		{F126271E-4644-4437-AA30-926604FC8E09}.Debug|x64.Build.0 = Debug|Any CPU
		{F126271E-4644-4437-AA30-926604FC8E09}.Debug|x86.ActiveCfg = Debug|Any CPU
		{F126271E-4644-4437-AA30-926604FC8E09}.Debug|x86.Build.0 = Debug|Any CPU
		{F126271E-4644-4437-AA30-926604FC8E09}.Release|Any CPU.ActiveCfg = Release|Any CPU
		{F126271E-4644-4437-AA30-926604FC8E09}.Release|Any CPU.Build.0 = Release|Any CPU
		{F126271E-4644-4437-AA30-926604FC8E09}.Release|x64.ActiveCfg = Release|Any CPU
		{F126271E-4644-4437-AA30-926604FC8E09}.Release|x64.Build.0 = Release|Any CPU
		{F126271E-4644-4437-AA30-926604FC8E09}.Release|x86.ActiveCfg = Release|Any CPU
		{F126271E-4644-4437-AA30-926604FC8E09}.Release|x86.Build.0 = Release|Any CPU
	EndGlobalSection
	GlobalSection(SolutionProperties) = preSolution
		HideSolutionNode = FALSE
	EndGlobalSection
	GlobalSection(NestedProjects) = preSolution
		{7B8D5A1A-1C1B-4E5F-8F5A-1B1B1B1B1B1B} = {827E0CD3-B72D-47B6-A68D-7590B98EB39B}
		{7B8D5A1B-1C1B-4E5F-8F5A-1B1B1B1B1B1B} = {827E0CD3-B72D-47B6-A68D-7590B98EB39B}
		{7B8D5A1C-1C1B-4E5F-8F5A-1B1B1B1B1B1B} = {827E0CD3-B72D-47B6-A68D-7590B98EB39B}
		{7B8D5A1D-1C1B-4E5F-8F5A-1B1B1B1B1B1B} = {827E0CD3-B72D-47B6-A68D-7590B98EB39B}
		{7B8D5A1E-1C1B-4E5F-8F5A-1B1B1B1B1B1B} = {827E0CD3-B72D-47B6-A68D-7590B98EB39B}
		{7B8D5A2B-1C1B-4E5F-8F5A-1B1B1B1B1B1B} = {0AB3BF05-4346-4AA6-1389-037BE0695223}
		{7B8D5A2C-1C1B-4E5F-8F5A-1B1B1B1B1B1B} = {0AB3BF05-4346-4AA6-1389-037BE0695223}
		{7B8D5A2D-1C1B-4E5F-8F5A-1B1B1B1B1B1B} = {0AB3BF05-4346-4AA6-1389-037BE0695223}
		{5213F652-684C-EB29-7CC8-EF586FBE9FA6} = {0AB3BF05-4346-4AA6-1389-037BE0695223}
		{6FB132DF-D773-47B1-8803-6D6EF60615B6} = {5213F652-684C-EB29-7CC8-EF586FBE9FA6}
		{539F7C85-3F0F-4DAD-980F-AC48B0938DFE} = {0AB3BF05-4346-4AA6-1389-037BE0695223}
		{22B6C782-50E9-4630-9CB4-E96E5E3A5A99} = {0AB3BF05-4346-4AA6-1389-037BE0695223}
		{C70C88E5-BD07-499C-B1B5-58A500554A8C} = {0AB3BF05-4346-4AA6-1389-037BE0695223}
		{F126271E-4644-4437-AA30-926604FC8E09} = {0AB3BF05-4346-4AA6-1389-037BE0695223}
	EndGlobalSection
EndGlobal
