
Microsoft Visual Studio Solution File, Format Version 12.00
# Visual Studio Version 17
VisualStudioVersion = 17.11.35312.102
MinimumVisualStudioVersion = 10.0.40219.1
Project("{9A19103F-16F7-4668-BE54-9A1E7A4F7556}") = "AppHost", "src\AppHost\AppHost.csproj", "{7B8D5A1A-1C1B-4E5F-8F5A-1B1B1B1B1B1B}"
EndProject
Project("{9A19103F-16F7-4668-BE54-9A1E7A4F7556}") = "ServiceDefaults", "src\ServiceDefaults\ServiceDefaults.csproj", "{7B8D5A1B-1C1B-4E5F-8F5A-1B1B1B1B1B1B}"
EndProject
Project("{9A19103F-16F7-4668-BE54-9A1E7A4F7556}") = "Shared", "src\Shared\Shared.csproj", "{7B8D5A1C-1C1B-4E5F-8F5A-1B1B1B1B1B1B}"
EndProject
Project("{9A19103F-16F7-4668-BE54-9A1E7A4F7556}") = "Api", "src\Api\Api.csproj", "{7B8D5A1D-1C1B-4E5F-8F5A-1B1B1B1B1B1B}"
EndProject
Project("{9A19103F-16F7-4668-BE54-9A1E7A4F7556}") = "Web", "src\Web\Web.csproj", "{7B8D5A1E-1C1B-4E5F-8F5A-1B1B1B1B1B1B}"
EndProject
Project("{9A19103F-16F7-4668-BE54-9A1E7A4F7556}") = "Unit.Tests", "tests\Unit.Tests\Unit.Tests.csproj", "{7B8D5A2A-1C1B-4E5F-8F5A-1B1B1B1B1B1B}"
EndProject
Project("{9A19103F-16F7-4668-BE54-9A1E7A4F7556}") = "Architecture.Tests", "tests\Architecture.Tests\Architecture.Tests.csproj", "{7B8D5A2B-1C1B-4E5F-8F5A-1B1B1B1B1B1B}"
EndProject
Project("{9A19103F-16F7-4668-BE54-9A1E7A4F7556}") = "Blazor.Tests", "tests\Blazor.Tests\Blazor.Tests.csproj", "{7B8D5A2C-1C1B-4E5F-8F5A-1B1B1B1B1B1B}"
EndProject
Project("{9A19103F-16F7-4668-BE54-9A1E7A4F7556}") = "Integration.Tests", "tests\Integration.Tests\Integration.Tests.csproj", "{7B8D5A2D-1C1B-4E5F-8F5A-1B1B1B1B1B1B}"
EndProject
Project("{2150E333-8FDC-42A3-9474-1A3956D46DE8}") = "tests", "tests", "{0AB3BF05-4346-4AA6-1389-037BE0695223}"
EndProject
Project("{2150E333-8FDC-42A3-9474-1A3956D46DE8}") = "Aspire", "Aspire", "{5213F652-684C-EB29-7CC8-EF586FBE9FA6}"
EndProject
Project("{FAE04EC0-301F-11D3-BF4B-00C04F79EFBC}") = "Aspire.Tests", "tests\Aspire\Aspire.Tests.csproj", "{6FB132DF-D773-47B1-8803-6D6EF60615B6}"
EndProject
Project("{2150E333-8FDC-42A3-9474-1A3956D46DE8}") = "src", "src", "{827E0CD3-B72D-47B6-A68D-7590B98EB39B}"
EndProject
Global
	GlobalSection(SolutionConfigurationPlatforms) = preSolution
		Debug|Any CPU = Debug|Any CPU
		Debug|x64 = Debug|x64
		Debug|x86 = Debug|x86
		Release|Any CPU = Release|Any CPU
		Release|x64 = Release|x64
		Release|x86 = Release|x86
	EndGlobalSection
	GlobalSection(ProjectConfigurationPlatforms) = postSolution
		{7B8D5A1A-1C1B-4E5F-8F5A-1B1B1B1B1B1B}.Debug|Any CPU.ActiveCfg = Debug|Any CPU
		{7B8D5A1A-1C1B-4E5F-8F5A-1B1B1B1B1B1B}.Debug|Any CPU.Build.0 = Debug|Any CPU
		{7B8D5A1A-1C1B-4E5F-8F5A-1B1B1B1B1B1B}.Debug|x64.ActiveCfg = Debug|Any CPU
		{7B8D5A1A-1C1B-4E5F-8F5A-1B1B1B1B1B1B}.Debug|x64.Build.0 = Debug|Any CPU
		{7B8D5A1A-1C1B-4E5F-8F5A-1B1B1B1B1B1B}.Debug|x86.ActiveCfg = Debug|Any CPU
		{7B8D5A1A-1C1B-4E5F-8F5A-1B1B1B1B1B1B}.Debug|x86.Build.0 = Debug|Any CPU
		{7B8D5A1A-1C1B-4E5F-8F5A-1B1B1B1B1B1B}.Release|Any CPU.ActiveCfg = Release|Any CPU
		{7B8D5A1A-1C1B-4E5F-8F5A-1B1B1B1B1B1B}.Release|Any CPU.Build.0 = Release|Any CPU
		{7B8D5A1A-1C1B-4E5F-8F5A-1B1B1B1B1B1B}.Release|x64.ActiveCfg = Release|Any CPU
		{7B8D5A1A-1C1B-4E5F-8F5A-1B1B1B1B1B1B}.Release|x64.Build.0 = Release|Any CPU
		{7B8D5A1A-1C1B-4E5F-8F5A-1B1B1B1B1B1B}.Release|x86.ActiveCfg = Release|Any CPU
		{7B8D5A1A-1C1B-4E5F-8F5A-1B1B1B1B1B1B}.Release|x86.Build.0 = Release|Any CPU
		{7B8D5A1B-1C1B-4E5F-8F5A-1B1B1B1B1B1B}.Debug|Any CPU.ActiveCfg = Debug|Any CPU
		{7B8D5A1B-1C1B-4E5F-8F5A-1B1B1B1B1B1B}.Debug|Any CPU.Build.0 = Debug|Any CPU
		{7B8D5A1B-1C1B-4E5F-8F5A-1B1B1B1B1B1B}.Debug|x64.ActiveCfg = Debug|Any CPU
		{7B8D5A1B-1C1B-4E5F-8F5A-1B1B1B1B1B1B}.Debug|x64.Build.0 = Debug|Any CPU
		{7B8D5A1B-1C1B-4E5F-8F5A-1B1B1B1B1B1B}.Debug|x86.ActiveCfg = Debug|Any CPU
		{7B8D5A1B-1C1B-4E5F-8F5A-1B1B1B1B1B1B}.Debug|x86.Build.0 = Debug|Any CPU
		{7B8D5A1B-1C1B-4E5F-8F5A-1B1B1B1B1B1B}.Release|Any CPU.ActiveCfg = Release|Any CPU
		{7B8D5A1B-1C1B-4E5F-8F5A-1B1B1B1B1B1B}.Release|Any CPU.Build.0 = Release|Any CPU
		{7B8D5A1B-1C1B-4E5F-8F5A-1B1B1B1B1B1B}.Release|x64.ActiveCfg = Release|Any CPU
		{7B8D5A1B-1C1B-4E5F-8F5A-1B1B1B1B1B1B}.Release|x64.Build.0 = Release|Any CPU
		{7B8D5A1B-1C1B-4E5F-8F5A-1B1B1B1B1B1B}.Release|x86.ActiveCfg = Release|Any CPU
		{7B8D5A1B-1C1B-4E5F-8F5A-1B1B1B1B1B1B}.Release|x86.Build.0 = Release|Any CPU
		{7B8D5A1C-1C1B-4E5F-8F5A-1B1B1B1B1B1B}.Debug|Any CPU.ActiveCfg = Debug|Any CPU
		{7B8D5A1C-1C1B-4E5F-8F5A-1B1B1B1B1B1B}.Debug|Any CPU.Build.0 = Debug|Any CPU
		{7B8D5A1C-1C1B-4E5F-8F5A-1B1B1B1B1B1B}.Debug|x64.ActiveCfg = Debug|Any CPU
		{7B8D5A1C-1C1B-4E5F-8F5A-1B1B1B1B1B1B}.Debug|x64.Build.0 = Debug|Any CPU
		{7B8D5A1C-1C1B-4E5F-8F5A-1B1B1B1B1B1B}.Debug|x86.ActiveCfg = Debug|Any CPU
		{7B8D5A1C-1C1B-4E5F-8F5A-1B1B1B1B1B1B}.Debug|x86.Build.0 = Debug|Any CPU
		{7B8D5A1C-1C1B-4E5F-8F5A-1B1B1B1B1B1B}.Release|Any CPU.ActiveCfg = Release|Any CPU
		{7B8D5A1C-1C1B-4E5F-8F5A-1B1B1B1B1B1B}.Release|Any CPU.Build.0 = Release|Any CPU
		{7B8D5A1C-1C1B-4E5F-8F5A-1B1B1B1B1B1B}.Release|x64.ActiveCfg = Release|Any CPU
		{7B8D5A1C-1C1B-4E5F-8F5A-1B1B1B1B1B1B}.Release|x64.Build.0 = Release|Any CPU
		{7B8D5A1C-1C1B-4E5F-8F5A-1B1B1B1B1B1B}.Release|x86.ActiveCfg = Release|Any CPU
		{7B8D5A1C-1C1B-4E5F-8F5A-1B1B1B1B1B1B}.Release|x86.Build.0 = Release|Any CPU
		{7B8D5A1D-1C1B-4E5F-8F5A-1B1B1B1B1B1B}.Debug|Any CPU.ActiveCfg = Debug|Any CPU
		{7B8D5A1D-1C1B-4E5F-8F5A-1B1B1B1B1B1B}.Debug|Any CPU.Build.0 = Debug|Any CPU
		{7B8D5A1D-1C1B-4E5F-8F5A-1B1B1B1B1B1B}.Debug|x64.ActiveCfg = Debug|Any CPU
		{7B8D5A1D-1C1B-4E5F-8F5A-1B1B1B1B1B1B}.Debug|x64.Build.0 = Debug|Any CPU
		{7B8D5A1D-1C1B-4E5F-8F5A-1B1B1B1B1B1B}.Debug|x86.ActiveCfg = Debug|Any CPU
		{7B8D5A1D-1C1B-4E5F-8F5A-1B1B1B1B1B1B}.Debug|x86.Build.0 = Debug|Any CPU
		{7B8D5A1D-1C1B-4E5F-8F5A-1B1B1B1B1B1B}.Release|Any CPU.ActiveCfg = Release|Any CPU
		{7B8D5A1D-1C1B-4E5F-8F5A-1B1B1B1B1B1B}.Release|Any CPU.Build.0 = Release|Any CPU
		{7B8D5A1D-1C1B-4E5F-8F5A-1B1B1B1B1B1B}.Release|x64.ActiveCfg = Release|Any CPU
		{7B8D5A1D-1C1B-4E5F-8F5A-1B1B1B1B1B1B}.Release|x64.Build.0 = Release|Any CPU
		{7B8D5A1D-1C1B-4E5F-8F5A-1B1B1B1B1B1B}.Release|x86.ActiveCfg = Release|Any CPU
		{7B8D5A1D-1C1B-4E5F-8F5A-1B1B1B1B1B1B}.Release|x86.Build.0 = Release|Any CPU
		{7B8D5A1E-1C1B-4E5F-8F5A-1B1B1B1B1B1B}.Debug|Any CPU.ActiveCfg = Debug|Any CPU
		{7B8D5A1E-1C1B-4E5F-8F5A-1B1B1B1B1B1B}.Debug|Any CPU.Build.0 = Debug|Any CPU
		{7B8D5A1E-1C1B-4E5F-8F5A-1B1B1B1B1B1B}.Debug|x64.ActiveCfg = Debug|Any CPU
		{7B8D5A1E-1C1B-4E5F-8F5A-1B1B1B1B1B1B}.Debug|x64.Build.0 = Debug|Any CPU
		{7B8D5A1E-1C1B-4E5F-8F5A-1B1B1B1B1B1B}.Debug|x86.ActiveCfg = Debug|Any CPU
		{7B8D5A1E-1C1B-4E5F-8F5A-1B1B1B1B1B1B}.Debug|x86.Build.0 = Debug|Any CPU
		{7B8D5A1E-1C1B-4E5F-8F5A-1B1B1B1B1B1B}.Release|Any CPU.ActiveCfg = Release|Any CPU
		{7B8D5A1E-1C1B-4E5F-8F5A-1B1B1B1B1B1B}.Release|Any CPU.Build.0 = Release|Any CPU
		{7B8D5A1E-1C1B-4E5F-8F5A-1B1B1B1B1B1B}.Release|x64.ActiveCfg = Release|Any CPU
		{7B8D5A1E-1C1B-4E5F-8F5A-1B1B1B1B1B1B}.Release|x64.Build.0 = Release|Any CPU
		{7B8D5A1E-1C1B-4E5F-8F5A-1B1B1B1B1B1B}.Release|x86.ActiveCfg = Release|Any CPU
		{7B8D5A1E-1C1B-4E5F-8F5A-1B1B1B1B1B1B}.Release|x86.Build.0 = Release|Any CPU
		{7B8D5A2A-1C1B-4E5F-8F5A-1B1B1B1B1B1B}.Debug|Any CPU.ActiveCfg = Debug|Any CPU
		{7B8D5A2A-1C1B-4E5F-8F5A-1B1B1B1B1B1B}.Debug|Any CPU.Build.0 = Debug|Any CPU
		{7B8D5A2A-1C1B-4E5F-8F5A-1B1B1B1B1B1B}.Debug|x64.ActiveCfg = Debug|Any CPU
		{7B8D5A2A-1C1B-4E5F-8F5A-1B1B1B1B1B1B}.Debug|x64.Build.0 = Debug|Any CPU
		{7B8D5A2A-1C1B-4E5F-8F5A-1B1B1B1B1B1B}.Debug|x86.ActiveCfg = Debug|Any CPU
		{7B8D5A2A-1C1B-4E5F-8F5A-1B1B1B1B1B1B}.Debug|x86.Build.0 = Debug|Any CPU
		{7B8D5A2A-1C1B-4E5F-8F5A-1B1B1B1B1B1B}.Release|Any CPU.ActiveCfg = Release|Any CPU
		{7B8D5A2A-1C1B-4E5F-8F5A-1B1B1B1B1B1B}.Release|Any CPU.Build.0 = Release|Any CPU
		{7B8D5A2A-1C1B-4E5F-8F5A-1B1B1B1B1B1B}.Release|x64.ActiveCfg = Release|Any CPU
		{7B8D5A2A-1C1B-4E5F-8F5A-1B1B1B1B1B1B}.Release|x64.Build.0 = Release|Any CPU
		{7B8D5A2A-1C1B-4E5F-8F5A-1B1B1B1B1B1B}.Release|x86.ActiveCfg = Release|Any CPU
		{7B8D5A2A-1C1B-4E5F-8F5A-1B1B1B1B1B1B}.Release|x86.Build.0 = Release|Any CPU
		{7B8D5A2B-1C1B-4E5F-8F5A-1B1B1B1B1B1B}.Debug|Any CPU.ActiveCfg = Debug|Any CPU
		{7B8D5A2B-1C1B-4E5F-8F5A-1B1B1B1B1B1B}.Debug|Any CPU.Build.0 = Debug|Any CPU
		{7B8D5A2B-1C1B-4E5F-8F5A-1B1B1B1B1B1B}.Debug|x64.ActiveCfg = Debug|Any CPU
		{7B8D5A2B-1C1B-4E5F-8F5A-1B1B1B1B1B1B}.Debug|x64.Build.0 = Debug|Any CPU
		{7B8D5A2B-1C1B-4E5F-8F5A-1B1B1B1B1B1B}.Debug|x86.ActiveCfg = Debug|Any CPU
		{7B8D5A2B-1C1B-4E5F-8F5A-1B1B1B1B1B1B}.Debug|x86.Build.0 = Debug|Any CPU
		{7B8D5A2B-1C1B-4E5F-8F5A-1B1B1B1B1B1B}.Release|Any CPU.ActiveCfg = Release|Any CPU
		{7B8D5A2B-1C1B-4E5F-8F5A-1B1B1B1B1B1B}.Release|Any CPU.Build.0 = Release|Any CPU
		{7B8D5A2B-1C1B-4E5F-8F5A-1B1B1B1B1B1B}.Release|x64.ActiveCfg = Release|Any CPU
		{7B8D5A2B-1C1B-4E5F-8F5A-1B1B1B1B1B1B}.Release|x64.Build.0 = Release|Any CPU
		{7B8D5A2B-1C1B-4E5F-8F5A-1B1B1B1B1B1B}.Release|x86.ActiveCfg = Release|Any CPU
		{7B8D5A2B-1C1B-4E5F-8F5A-1B1B1B1B1B1B}.Release|x86.Build.0 = Release|Any CPU
		{7B8D5A2C-1C1B-4E5F-8F5A-1B1B1B1B1B1B}.Debug|Any CPU.ActiveCfg = Debug|Any CPU
		{7B8D5A2C-1C1B-4E5F-8F5A-1B1B1B1B1B1B}.Debug|Any CPU.Build.0 = Debug|Any CPU
		{7B8D5A2C-1C1B-4E5F-8F5A-1B1B1B1B1B1B}.Debug|x64.ActiveCfg = Debug|Any CPU
		{7B8D5A2C-1C1B-4E5F-8F5A-1B1B1B1B1B1B}.Debug|x64.Build.0 = Debug|Any CPU
		{7B8D5A2C-1C1B-4E5F-8F5A-1B1B1B1B1B1B}.Debug|x86.ActiveCfg = Debug|Any CPU
		{7B8D5A2C-1C1B-4E5F-8F5A-1B1B1B1B1B1B}.Debug|x86.Build.0 = Debug|Any CPU
		{7B8D5A2C-1C1B-4E5F-8F5A-1B1B1B1B1B1B}.Release|Any CPU.ActiveCfg = Release|Any CPU
		{7B8D5A2C-1C1B-4E5F-8F5A-1B1B1B1B1B1B}.Release|Any CPU.Build.0 = Release|Any CPU
		{7B8D5A2C-1C1B-4E5F-8F5A-1B1B1B1B1B1B}.Release|x64.ActiveCfg = Release|Any CPU
		{7B8D5A2C-1C1B-4E5F-8F5A-1B1B1B1B1B1B}.Release|x64.Build.0 = Release|Any CPU
		{7B8D5A2C-1C1B-4E5F-8F5A-1B1B1B1B1B1B}.Release|x86.ActiveCfg = Release|Any CPU
		{7B8D5A2C-1C1B-4E5F-8F5A-1B1B1B1B1B1B}.Release|x86.Build.0 = Release|Any CPU
		{7B8D5A2D-1C1B-4E5F-8F5A-1B1B1B1B1B1B}.Debug|Any CPU.ActiveCfg = Debug|Any CPU
		{7B8D5A2D-1C1B-4E5F-8F5A-1B1B1B1B1B1B}.Debug|Any CPU.Build.0 = Debug|Any CPU
		{7B8D5A2D-1C1B-4E5F-8F5A-1B1B1B1B1B1B}.Debug|x64.ActiveCfg = Debug|Any CPU
		{7B8D5A2D-1C1B-4E5F-8F5A-1B1B1B1B1B1B}.Debug|x64.Build.0 = Debug|Any CPU
		{7B8D5A2D-1C1B-4E5F-8F5A-1B1B1B1B1B1B}.Debug|x86.ActiveCfg = Debug|Any CPU
		{7B8D5A2D-1C1B-4E5F-8F5A-1B1B1B1B1B1B}.Debug|x86.Build.0 = Debug|Any CPU
		{7B8D5A2D-1C1B-4E5F-8F5A-1B1B1B1B1B1B}.Release|Any CPU.ActiveCfg = Release|Any CPU
		{7B8D5A2D-1C1B-4E5F-8F5A-1B1B1B1B1B1B}.Release|Any CPU.Build.0 = Release|Any CPU
		{7B8D5A2D-1C1B-4E5F-8F5A-1B1B1B1B1B1B}.Release|x64.ActiveCfg = Release|Any CPU
		{7B8D5A2D-1C1B-4E5F-8F5A-1B1B1B1B1B1B}.Release|x64.Build.0 = Release|Any CPU
		{7B8D5A2D-1C1B-4E5F-8F5A-1B1B1B1B1B1B}.Release|x86.ActiveCfg = Release|Any CPU
		{7B8D5A2D-1C1B-4E5F-8F5A-1B1B1B1B1B1B}.Release|x86.Build.0 = Release|Any CPU
		{6FB132DF-D773-47B1-8803-6D6EF60615B6}.Debug|Any CPU.ActiveCfg = Debug|Any CPU
		{6FB132DF-D773-47B1-8803-6D6EF60615B6}.Debug|Any CPU.Build.0 = Debug|Any CPU
		{6FB132DF-D773-47B1-8803-6D6EF60615B6}.Debug|x64.ActiveCfg = Debug|Any CPU
		{6FB132DF-D773-47B1-8803-6D6EF60615B6}.Debug|x64.Build.0 = Debug|Any CPU
		{6FB132DF-D773-47B1-8803-6D6EF60615B6}.Debug|x86.ActiveCfg = Debug|Any CPU
		{6FB132DF-D773-47B1-8803-6D6EF60615B6}.Debug|x86.Build.0 = Debug|Any CPU
		{6FB132DF-D773-47B1-8803-6D6EF60615B6}.Release|Any CPU.ActiveCfg = Release|Any CPU
		{6FB132DF-D773-47B1-8803-6D6EF60615B6}.Release|Any CPU.Build.0 = Release|Any CPU
		{6FB132DF-D773-47B1-8803-6D6EF60615B6}.Release|x64.ActiveCfg = Release|Any CPU
		{6FB132DF-D773-47B1-8803-6D6EF60615B6}.Release|x64.Build.0 = Release|Any CPU
		{6FB132DF-D773-47B1-8803-6D6EF60615B6}.Release|x86.ActiveCfg = Release|Any CPU
		{6FB132DF-D773-47B1-8803-6D6EF60615B6}.Release|x86.Build.0 = Release|Any CPU
	EndGlobalSection
	GlobalSection(SolutionProperties) = preSolution
		HideSolutionNode = FALSE
	EndGlobalSection
	GlobalSection(NestedProjects) = preSolution
		{5213F652-684C-EB29-7CC8-EF586FBE9FA6} = {0AB3BF05-4346-4AA6-1389-037BE0695223}
		{6FB132DF-D773-47B1-8803-6D6EF60615B6} = {5213F652-684C-EB29-7CC8-EF586FBE9FA6}
	EndGlobalSection
EndGlobal
