{
  "$schema": "http://json.schemastore.org/solution-manifest-1.0.json",
  "version": "0.1",
  "name": "IssueManager",
  "description": "Issue management application with modern architecture patterns and async/reactive workflows",
  "projects": [
    "src/AppHost/AppHost.csproj",
    "src/ServiceDefaults/ServiceDefaults.csproj",
    "src/Api/Api.csproj",
    "src/Web/Web.csproj"
  ]
}
